
Microsoft Visual Studio Solution File, Format Version 12.00
# Visual Studio 14
VisualStudioVersion = 14.0.24720.0
MinimumVisualStudioVersion = 10.0.40219.1
Project("{FAE04EC0-301F-11D3-BF4B-00C04F79EFBC}") = "Betgo", "Betgo\Betgo.csproj", "{00E897C2-2C50-4A3E-BC34-43EBF203A3D1}"
EndProject
Project("{FAE04EC0-301F-11D3-BF4B-00C04F79EFBC}") = "Betgo.Tests", "Betgo.Tests\Betgo.Tests.csproj", "{5D5D1EA4-5CF4-488A-B8FE-836A4DE51DC4}"
EndProject
Global
	GlobalSection(SolutionConfigurationPlatforms) = preSolution
		Debug|Any CPU = Debug|Any CPU
		Release|Any CPU = Release|Any CPU
	EndGlobalSection
	GlobalSection(ProjectConfigurationPlatforms) = postSolution
		{00E897C2-2C50-4A3E-BC34-43EBF203A3D1}.Debug|Any CPU.ActiveCfg = Debug|Any CPU
		{00E897C2-2C50-4A3E-BC34-43EBF203A3D1}.Debug|Any CPU.Build.0 = Debug|Any CPU
		{00E897C2-2C50-4A3E-BC34-43EBF203A3D1}.Release|Any CPU.ActiveCfg = Release|Any CPU
		{00E897C2-2C50-4A3E-BC34-43EBF203A3D1}.Release|Any CPU.Build.0 = Release|Any CPU
		{5D5D1EA4-5CF4-488A-B8FE-836A4DE51DC4}.Debug|Any CPU.ActiveCfg = Debug|Any CPU
		{5D5D1EA4-5CF4-488A-B8FE-836A4DE51DC4}.Debug|Any CPU.Build.0 = Debug|Any CPU
		{5D5D1EA4-5CF4-488A-B8FE-836A4DE51DC4}.Release|Any CPU.ActiveCfg = Release|Any CPU
		{5D5D1EA4-5CF4-488A-B8FE-836A4DE51DC4}.Release|Any CPU.Build.0 = Release|Any CPU
	EndGlobalSection
	GlobalSection(SolutionProperties) = preSolution
		HideSolutionNode = FALSE
	EndGlobalSection
EndGlobal
